{
	"name": "spiral-vscode-ide",
	"version": "0.1.0",
	"lockfileVersion": 1,
	"requires": true,
	"dependencies": {
		"@types/node": {
			"version": "13.13.5",
			"resolved": "https://registry.npmjs.org/@types/node/-/node-13.13.5.tgz",
			"integrity": "sha512-3ySmiBYJPqgjiHA7oEaIo2Rzz0HrOZ7yrNO5HWyaE5q0lQ3BppDZ3N53Miz8bw2I7gh1/zir2MGVZBvpb1zq9g==",
			"dev": true
		},
		"@types/vscode": {
			"version": "1.44.0",
			"resolved": "https://registry.npmjs.org/@types/vscode/-/vscode-1.44.0.tgz",
			"integrity": "sha512-WJZtZlinE3meRdH+I7wTsIhpz/GLhqEQwmPGeh4s1irWLwMzCeTV8WZ+pgPTwrDXoafVUWwo1LiZ9HJVHFlJSQ==",
			"dev": true
		},
		"node-gyp-build": {
			"version": "4.2.2",
			"resolved": "https://registry.npmjs.org/node-gyp-build/-/node-gyp-build-4.2.2.tgz",
			"integrity": "sha512-Lqh7mrByWCM8Cf9UPqpeoVBBo5Ugx+RKu885GAzmLBVYjeywScxHXPGLa4JfYNZmcNGwzR0Glu5/9GaQZMFqyA=="
		},
		"zeromq": {
			"version": "6.0.0-beta.6",
			"resolved": "https://registry.npmjs.org/zeromq/-/zeromq-6.0.0-beta.6.tgz",
			"integrity": "sha512-wLf6M7pBHijl+BRltUL2VoDpgbQcOZetiX8UzycHL8CcYFxYnRrpoG5fi3UX3+Umavz1lk4/dGaQez8qiDgr/Q==",
			"requires": {
				"node-gyp-build": "^4.1.0"
			}
		}
	}
}
