{
	"name": "spiral-lang-vscode",
	"version": "2.15.6",
	"lockfileVersion": 3,
	"requires": true,
	"packages": {
		"": {
			"name": "spiral-lang-vscode",
			"version": "2.15.6",
			"dependencies": {
				"@microsoft/signalr": "^8.0.0",
				"portfinder": "^1.0.32"
			},
			"devDependencies": {
				"@types/node": "^14.17.9",
				"@types/vscode": "^1.81.0",
				"esbuild": "^0.28.1",
				"typescript": "^5.4.2"
			},
			"engines": {
				"vscode": "^1.81.0"
			}
		},
		"node_modules/@esbuild/aix-ppc64": {
			"version": "0.28.1",
			"resolved": "https://registry.npmjs.org/@esbuild/aix-ppc64/-/aix-ppc64-0.28.1.tgz",
			"integrity": "sha512-Svl7tq8k/08+p6CXPpRjQ1fKX+1odH/BQbb48fV6fj3CWHhsoIOoY87w1oHXm0qEpkIK3ZfVgp0hed3XBXzXMQ==",
			"cpu": [
				"ppc64"
			],
			"dev": true,
			"license": "MIT",
			"optional": true,
			"os": [
				"aix"
			],
			"engines": {
				"node": ">=18"
			}
		},
		"node_modules/@esbuild/android-arm": {
			"version": "0.28.1",
			"resolved": "https://registry.npmjs.org/@esbuild/android-arm/-/android-arm-0.28.1.tgz",
			"integrity": "sha512-0k2F129Xdio1TdJfzJ8sy1Q47vUD2NnwdhiAf7drUN1EBTfPf4hsFCtmMgu/6m8JSzsBrlmVjudMBQqOfG8usQ==",
			"cpu": [
				"arm"
			],
			"dev": true,
			"license": "MIT",
			"optional": true,
			"os": [
				"android"
			],
			"engines": {
				"node": ">=18"
			}
		},
		"node_modules/@esbuild/android-arm64": {
			"version": "0.28.1",
			"resolved": "https://registry.npmjs.org/@esbuild/android-arm64/-/android-arm64-0.28.1.tgz",
			"integrity": "sha512-34EGEbCIAgosYz6goLcopX6Mo7NyGv9tfwEM2/7Ce2VcVRk568iSvniGWcUXIy7wEDR1wzolcxcriFVrWYcwBg==",
			"cpu": [
				"arm64"
			],
			"dev": true,
			"license": "MIT",
			"optional": true,
			"os": [
				"android"
			],
			"engines": {
				"node": ">=18"
			}
		},
		"node_modules/@esbuild/android-x64": {
			"version": "0.28.1",
			"resolved": "https://registry.npmjs.org/@esbuild/android-x64/-/android-x64-0.28.1.tgz",
			"integrity": "sha512-dbwY7ltSMDWsRatcRpCnES4F+im88OCUgGZjy52shC7GqHRE/cYlxNbB4Z4UpJswpcc4Qxd2oE/ufM0p61IKng==",
			"cpu": [
				"x64"
			],
			"dev": true,
			"license": "MIT",
			"optional": true,
			"os": [
				"android"
			],
			"engines": {
				"node": ">=18"
			}
		},
		"node_modules/@esbuild/darwin-arm64": {
			"version": "0.28.1",
			"resolved": "https://registry.npmjs.org/@esbuild/darwin-arm64/-/darwin-arm64-0.28.1.tgz",
			"integrity": "sha512-TZbWkQY7kvTAXbXUT7uVACR5cMHsDiSz9z7ZKAX/RTq/WJEk3QyRr0wZpNhBDX+/0CtdqUIJlOiodQcta6tY3Q==",
			"cpu": [
				"arm64"
			],
			"dev": true,
			"license": "MIT",
			"optional": true,
			"os": [
				"darwin"
			],
			"engines": {
				"node": ">=18"
			}
		},
		"node_modules/@esbuild/darwin-x64": {
			"version": "0.28.1",
			"resolved": "https://registry.npmjs.org/@esbuild/darwin-x64/-/darwin-x64-0.28.1.tgz",
			"integrity": "sha512-zfdzgK9ACBNZLI/CyHTOx81SyNbM6YXn7rxSgX97VjyiPl9W1i4Ka4fgKECEoFCKGpvBj5qArWIGgQjOwkgskQ==",
			"cpu": [
				"x64"
			],
			"dev": true,
			"license": "MIT",
			"optional": true,
			"os": [
				"darwin"
			],
			"engines": {
				"node": ">=18"
			}
		},
		"node_modules/@esbuild/freebsd-arm64": {
			"version": "0.28.1",
			"resolved": "https://registry.npmjs.org/@esbuild/freebsd-arm64/-/freebsd-arm64-0.28.1.tgz",
			"integrity": "sha512-wG2EA8ENdEI0qhkSZMjfqrdY+ziCYCPMmtZjjIwOmXFjmyzEHn+UUxk5of+SYsjtfs3VpnlC7QLzSI5hY/rOAw==",
			"cpu": [
				"arm64"
			],
			"dev": true,
			"license": "MIT",
			"optional": true,
			"os": [
				"freebsd"
			],
			"engines": {
				"node": ">=18"
			}
		},
		"node_modules/@esbuild/freebsd-x64": {
			"version": "0.28.1",
			"resolved": "https://registry.npmjs.org/@esbuild/freebsd-x64/-/freebsd-x64-0.28.1.tgz",
			"integrity": "sha512-i7dZ9vQgnvSCzi/rYCXNgtF/U+eKZNJBzu3eTQbRgHnM7tNSizLOkRFAl3qzVc/Op/u5YkHHa4pf/3DOYHthLQ==",
			"cpu": [
				"x64"
			],
			"dev": true,
			"license": "MIT",
			"optional": true,
			"os": [
				"freebsd"
			],
			"engines": {
				"node": ">=18"
			}
		},
		"node_modules/@esbuild/linux-arm": {
			"version": "0.28.1",
			"resolved": "https://registry.npmjs.org/@esbuild/linux-arm/-/linux-arm-0.28.1.tgz",
			"integrity": "sha512-qVXBOHQS+d5Y722GwJzJUtOLlX7km3CraOaGormF1pDtPd2C/l1SHRPgjLunLGe51Sh5YYWKMFDyV4SxgMQYTQ==",
			"cpu": [
				"arm"
			],
			"dev": true,
			"license": "MIT",
			"optional": true,
			"os": [
				"linux"
			],
			"engines": {
				"node": ">=18"
			}
		},
		"node_modules/@esbuild/linux-arm64": {
			"version": "0.28.1",
			"resolved": "https://registry.npmjs.org/@esbuild/linux-arm64/-/linux-arm64-0.28.1.tgz",
			"integrity": "sha512-yHs+0uc8+nvEAfAfxrWQKK5peSNzBc4PegcMO0EJ2hT71uA7vB8Ihg2e77R2P7SG5uYjPbHlLLmve4LLLRCf0g==",
			"cpu": [
				"arm64"
			],
			"dev": true,
			"license": "MIT",
			"optional": true,
			"os": [
				"linux"
			],
			"engines": {
				"node": ">=18"
			}
		},
		"node_modules/@esbuild/linux-ia32": {
			"version": "0.28.1",
			"resolved": "https://registry.npmjs.org/@esbuild/linux-ia32/-/linux-ia32-0.28.1.tgz",
			"integrity": "sha512-d1z4ZuP0ajrfz/FhGT4vv278rX8KnPPJx8i5+AtK7TYbx9Le9F1hyzurZpkEyjkGa9dUGhQow4C1NmeGvqxN2w==",
			"cpu": [
				"ia32"
			],
			"dev": true,
			"license": "MIT",
			"optional": true,
			"os": [
				"linux"
			],
			"engines": {
				"node": ">=18"
			}
		},
		"node_modules/@esbuild/linux-loong64": {
			"version": "0.28.1",
			"resolved": "https://registry.npmjs.org/@esbuild/linux-loong64/-/linux-loong64-0.28.1.tgz",
			"integrity": "sha512-M5sRjUVZrkm1OAPR3dlOYzNmN+loZKGVi1VUQGrwuqLcbR6qeAz+famMhjASeH3YVKvZz+zT1jlh/keC3Rj/lg==",
			"cpu": [
				"loong64"
			],
			"dev": true,
			"license": "MIT",
			"optional": true,
			"os": [
				"linux"
			],
			"engines": {
				"node": ">=18"
			}
		},
		"node_modules/@esbuild/linux-mips64el": {
			"version": "0.28.1",
			"resolved": "https://registry.npmjs.org/@esbuild/linux-mips64el/-/linux-mips64el-0.28.1.tgz",
			"integrity": "sha512-mRObBZeHh2OxcBFPWE/FjylkRgZdYuiTR3vaTozquCGOH14iP9oN4x4Ge81CoIDYQrXmIxpFumJBu5MtZpnQJQ==",
			"cpu": [
				"mips64el"
			],
			"dev": true,
			"license": "MIT",
			"optional": true,
			"os": [
				"linux"
			],
			"engines": {
				"node": ">=18"
			}
		},
		"node_modules/@esbuild/linux-ppc64": {
			"version": "0.28.1",
			"resolved": "https://registry.npmjs.org/@esbuild/linux-ppc64/-/linux-ppc64-0.28.1.tgz",
			"integrity": "sha512-slScBsMAb3GFDcdrCgLwZtPYRoH2H/youv10QiZyRjmsP48fznoveWytSgCI/R0ZcUgpc0ZhIUEx6LHts8yrfQ==",
			"cpu": [
				"ppc64"
			],
			"dev": true,
			"license": "MIT",
			"optional": true,
			"os": [
				"linux"
			],
			"engines": {
				"node": ">=18"
			}
		},
		"node_modules/@esbuild/linux-riscv64": {
			"version": "0.28.1",
			"resolved": "https://registry.npmjs.org/@esbuild/linux-riscv64/-/linux-riscv64-0.28.1.tgz",
			"integrity": "sha512-kw0owk1o0GFETUJyW0jc0G4Yzs0BHZn0JDZ8JRT088vjJYX777BAs1fDGxAC+q831qOs2DTC96mNsG2opdfyyQ==",
			"cpu": [
				"riscv64"
			],
			"dev": true,
			"license": "MIT",
			"optional": true,
			"os": [
				"linux"
			],
			"engines": {
				"node": ">=18"
			}
		},
		"node_modules/@esbuild/linux-s390x": {
			"version": "0.28.1",
			"resolved": "https://registry.npmjs.org/@esbuild/linux-s390x/-/linux-s390x-0.28.1.tgz",
			"integrity": "sha512-/lAIjX8aYFRByhh6L5rYtPEDRqa9de/4V/juOXcta5frjvzXO4/sqEtyytse0g3zZFuWu5cDN0MkLz2qRDD2Ag==",
			"cpu": [
				"s390x"
			],
			"dev": true,
			"license": "MIT",
			"optional": true,
			"os": [
				"linux"
			],
			"engines": {
				"node": ">=18"
			}
		},
		"node_modules/@esbuild/linux-x64": {
			"version": "0.28.1",
			"resolved": "https://registry.npmjs.org/@esbuild/linux-x64/-/linux-x64-0.28.1.tgz",
			"integrity": "sha512-u/anNYF2mmVOEDwLtnQ1wOr3EZ9sTNGLWrsYGYwHWzGA3Si84IOkHXlbWTD1NB+9/1lcnweYKO54uhxZydNzfA==",
			"cpu": [
				"x64"
			],
			"dev": true,
			"license": "MIT",
			"optional": true,
			"os": [
				"linux"
			],
			"engines": {
				"node": ">=18"
			}
		},
		"node_modules/@esbuild/netbsd-arm64": {
			"version": "0.28.1",
			"resolved": "https://registry.npmjs.org/@esbuild/netbsd-arm64/-/netbsd-arm64-0.28.1.tgz",
			"integrity": "sha512-oks0DYbLwWMmaakTsCb+zL4E+aHRVLom9IJZOAthMQEPiQmydXHkziYEsGYRx0uNV/IjEKGAV941JzH02pflqw==",
			"cpu": [
				"arm64"
			],
			"dev": true,
			"license": "MIT",
			"optional": true,
			"os": [
				"netbsd"
			],
			"engines": {
				"node": ">=18"
			}
		},
		"node_modules/@esbuild/netbsd-x64": {
			"version": "0.28.1",
			"resolved": "https://registry.npmjs.org/@esbuild/netbsd-x64/-/netbsd-x64-0.28.1.tgz",
			"integrity": "sha512-aeL6lAnN89Hz43Mlh1G8ARasbuoYvSITDEx0tHh5b7jJnHcssqgjy9Yx430GDpmCa6OyrKoS0aNRjKundRizGg==",
			"cpu": [
				"x64"
			],
			"dev": true,
			"license": "MIT",
			"optional": true,
			"os": [
				"netbsd"
			],
			"engines": {
				"node": ">=18"
			}
		},
		"node_modules/@esbuild/openbsd-arm64": {
			"version": "0.28.1",
			"resolved": "https://registry.npmjs.org/@esbuild/openbsd-arm64/-/openbsd-arm64-0.28.1.tgz",
			"integrity": "sha512-MEFJe5C3R8pwXdZ5Y21oo6m7ePiS0d9pWucn99O/wvyJZChoIQKrQDxKrGeW8F5+T0okTHesAmDeiHDTIq0V/Q==",
			"cpu": [
				"arm64"
			],
			"dev": true,
			"license": "MIT",
			"optional": true,
			"os": [
				"openbsd"
			],
			"engines": {
				"node": ">=18"
			}
		},
		"node_modules/@esbuild/openbsd-x64": {
			"version": "0.28.1",
			"resolved": "https://registry.npmjs.org/@esbuild/openbsd-x64/-/openbsd-x64-0.28.1.tgz",
			"integrity": "sha512-i/ZLIOafE0Z8cI/XANJAixoJL/uRAoS2xOA3rb0xN+KK0K177cMAsQYkzHtBrtMXAKuAc7HGgcWiZ/sRC1Nxgw==",
			"cpu": [
				"x64"
			],
			"dev": true,
			"license": "MIT",
			"optional": true,
			"os": [
				"openbsd"
			],
			"engines": {
				"node": ">=18"
			}
		},
		"node_modules/@esbuild/openharmony-arm64": {
			"version": "0.28.1",
			"resolved": "https://registry.npmjs.org/@esbuild/openharmony-arm64/-/openharmony-arm64-0.28.1.tgz",
			"integrity": "sha512-ge+Z7EXFNt2BO1oAMsVpiQ8EwndV9i1xXerAeTIK7AtPs3bKFXQM7nlRxDSIUIMeueR1CNXxqztLzdNeReKBJg==",
			"cpu": [
				"arm64"
			],
			"dev": true,
			"license": "MIT",
			"optional": true,
			"os": [
				"openharmony"
			],
			"engines": {
				"node": ">=18"
			}
		},
		"node_modules/@esbuild/sunos-x64": {
			"version": "0.28.1",
			"resolved": "https://registry.npmjs.org/@esbuild/sunos-x64/-/sunos-x64-0.28.1.tgz",
			"integrity": "sha512-BEjgtECkL3vY+SaSQ6nzVfiALUeFxpawyp8Jmf5PtYhf1Ug40N1h/hxlhts+f1FvSvarEigdxS3BlSMI2PJLcQ==",
			"cpu": [
				"x64"
			],
			"dev": true,
			"license": "MIT",
			"optional": true,
			"os": [
				"sunos"
			],
			"engines": {
				"node": ">=18"
			}
		},
		"node_modules/@esbuild/win32-arm64": {
			"version": "0.28.1",
			"resolved": "https://registry.npmjs.org/@esbuild/win32-arm64/-/win32-arm64-0.28.1.tgz",
			"integrity": "sha512-lCv9eK/H6ZJWbE7bh2nw54CZ9M2nupBxJcTsdk/QQnWkdSjKGuxmmH8/GWrlT1eMmZfn4dGcCjRte397WqfQXA==",
			"cpu": [
				"arm64"
			],
			"dev": true,
			"license": "MIT",
			"optional": true,
			"os": [
				"win32"
			],
			"engines": {
				"node": ">=18"
			}
		},
		"node_modules/@esbuild/win32-ia32": {
			"version": "0.28.1",
			"resolved": "https://registry.npmjs.org/@esbuild/win32-ia32/-/win32-ia32-0.28.1.tgz",
			"integrity": "sha512-zvb/mB2bSCoJOpoCBgYKKpX6YM6mJBlBUVUtVj41DlZJVEB6/0CKlRYxP5wWl1C1ILiCoAU5wZZ4q1P3qeS6Eg==",
			"cpu": [
				"ia32"
			],
			"dev": true,
			"license": "MIT",
			"optional": true,
			"os": [
				"win32"
			],
			"engines": {
				"node": ">=18"
			}
		},
		"node_modules/@esbuild/win32-x64": {
			"version": "0.28.1",
			"resolved": "https://registry.npmjs.org/@esbuild/win32-x64/-/win32-x64-0.28.1.tgz",
			"integrity": "sha512-bm4Mowrv+GXMlpWX++EcXw/iLyd1o3+bJkC2DkWXYVvgZCqD/bSj9ctZeAMC3cIxgjRVR2Dufaiu4YPxr5gW1A==",
			"cpu": [
				"x64"
			],
			"dev": true,
			"license": "MIT",
			"optional": true,
			"os": [
				"win32"
			],
			"engines": {
				"node": ">=18"
			}
		},
		"node_modules/@microsoft/signalr": {
			"version": "8.0.0",
			"resolved": "https://registry.npmjs.org/@microsoft/signalr/-/signalr-8.0.0.tgz",
			"integrity": "sha512-K/wS/VmzRWePCGqGh8MU8OWbS1Zvu7DG7LSJS62fBB8rJUXwwj4axQtqrAAwKGUZHQF6CuteuQR9xMsVpM2JNA==",
			"dependencies": {
				"abort-controller": "^3.0.0",
				"eventsource": "^2.0.2",
				"fetch-cookie": "^2.0.3",
				"node-fetch": "^2.6.7",
				"ws": "^7.4.5"
			}
		},
		"node_modules/@types/node": {
			"version": "14.18.59",
			"resolved": "https://registry.npmjs.org/@types/node/-/node-14.18.59.tgz",
			"integrity": "sha512-NWJMpBL2Xs3MY93yrD6YrrTKep8eIA6iMnfG4oIc6LrTRlBZgiSCGiY3V/Owlp6umIBLyKb4F8Q7hxWatjYH5A==",
			"dev": true
		},
		"node_modules/@types/vscode": {
			"version": "1.82.0",
			"resolved": "https://registry.npmjs.org/@types/vscode/-/vscode-1.82.0.tgz",
			"integrity": "sha512-VSHV+VnpF8DEm8LNrn8OJ8VuUNcBzN3tMvKrNpbhhfuVjFm82+6v44AbDhLvVFgCzn6vs94EJNTp7w8S6+Q1Rw==",
			"dev": true
		},
		"node_modules/abort-controller": {
			"version": "3.0.0",
			"resolved": "https://registry.npmjs.org/abort-controller/-/abort-controller-3.0.0.tgz",
			"integrity": "sha512-h8lQ8tacZYnR3vNQTgibj+tODHI5/+l06Au2Pcriv/Gmet0eaj4TwWH41sO9wnHDiQsEj19q0drzdWdeAHtweg==",
			"dependencies": {
				"event-target-shim": "^5.0.0"
			},
			"engines": {
				"node": ">=6.5"
			}
		},
		"node_modules/async": {
			"version": "2.6.4",
			"resolved": "https://registry.npmjs.org/async/-/async-2.6.4.tgz",
			"integrity": "sha512-mzo5dfJYwAn29PeiJ0zvwTo04zj8HDJj0Mn8TD7sno7q12prdbnasKJHhkm2c1LgrhlJ0teaea8860oxi51mGA==",
			"dependencies": {
				"lodash": "^4.17.14"
			}
		},
		"node_modules/debug": {
			"version": "3.2.7",
			"resolved": "https://registry.npmjs.org/debug/-/debug-3.2.7.tgz",
			"integrity": "sha512-CFjzYYAi4ThfiQvizrFQevTTXHtnCqWfe7x1AhgEscTz6ZbLbfoLRLPugTQyBth6f8ZERVUSyWHFD/7Wu4t1XQ==",
			"dependencies": {
				"ms": "^2.1.1"
			}
		},
		"node_modules/esbuild": {
			"version": "0.28.1",
			"resolved": "https://registry.npmjs.org/esbuild/-/esbuild-0.28.1.tgz",
			"integrity": "sha512-HrJrvZv5ayxBzPfwphOoNzkzOIIlifzk0KJrGK2c8R4+LKpMtpYLQeUdjnwjWv/LZlkH2laZk+4w78pi99D4Vw==",
			"dev": true,
			"hasInstallScript": true,
			"license": "MIT",
			"bin": {
				"esbuild": "bin/esbuild"
			},
			"engines": {
				"node": ">=18"
			},
			"optionalDependencies": {
				"@esbuild/aix-ppc64": "0.28.1",
				"@esbuild/android-arm": "0.28.1",
				"@esbuild/android-arm64": "0.28.1",
				"@esbuild/android-x64": "0.28.1",
				"@esbuild/darwin-arm64": "0.28.1",
				"@esbuild/darwin-x64": "0.28.1",
				"@esbuild/freebsd-arm64": "0.28.1",
				"@esbuild/freebsd-x64": "0.28.1",
				"@esbuild/linux-arm": "0.28.1",
				"@esbuild/linux-arm64": "0.28.1",
				"@esbuild/linux-ia32": "0.28.1",
				"@esbuild/linux-loong64": "0.28.1",
				"@esbuild/linux-mips64el": "0.28.1",
				"@esbuild/linux-ppc64": "0.28.1",
				"@esbuild/linux-riscv64": "0.28.1",
				"@esbuild/linux-s390x": "0.28.1",
				"@esbuild/linux-x64": "0.28.1",
				"@esbuild/netbsd-arm64": "0.28.1",
				"@esbuild/netbsd-x64": "0.28.1",
				"@esbuild/openbsd-arm64": "0.28.1",
				"@esbuild/openbsd-x64": "0.28.1",
				"@esbuild/openharmony-arm64": "0.28.1",
				"@esbuild/sunos-x64": "0.28.1",
				"@esbuild/win32-arm64": "0.28.1",
				"@esbuild/win32-ia32": "0.28.1",
				"@esbuild/win32-x64": "0.28.1"
			}
		},
		"node_modules/event-target-shim": {
			"version": "5.0.1",
			"resolved": "https://registry.npmjs.org/event-target-shim/-/event-target-shim-5.0.1.tgz",
			"integrity": "sha512-i/2XbnSz/uxRCU6+NdVJgKWDTM427+MqYbkQzD321DuCQJUqOuJKIA0IM2+W2xtYHdKOmZ4dR6fExsd4SXL+WQ==",
			"engines": {
				"node": ">=6"
			}
		},
		"node_modules/eventsource": {
			"version": "2.0.2",
			"resolved": "https://registry.npmjs.org/eventsource/-/eventsource-2.0.2.tgz",
			"integrity": "sha512-IzUmBGPR3+oUG9dUeXynyNmf91/3zUSJg1lCktzKw47OXuhco54U3r9B7O4XX+Rb1Itm9OZ2b0RkTs10bICOxA==",
			"engines": {
				"node": ">=12.0.0"
			}
		},
		"node_modules/fetch-cookie": {
			"version": "2.1.0",
			"resolved": "https://registry.npmjs.org/fetch-cookie/-/fetch-cookie-2.1.0.tgz",
			"integrity": "sha512-39+cZRbWfbibmj22R2Jy6dmTbAWC+oqun1f1FzQaNurkPDUP4C38jpeZbiXCR88RKRVDp8UcDrbFXkNhN+NjYg==",
			"dependencies": {
				"set-cookie-parser": "^2.4.8",
				"tough-cookie": "^4.0.0"
			}
		},
		"node_modules/lodash": {
			"version": "4.18.1",
			"resolved": "https://registry.npmjs.org/lodash/-/lodash-4.18.1.tgz",
			"integrity": "sha512-dMInicTPVE8d1e5otfwmmjlxkZoUpiVLwyeTdUsi/Caj/gfzzblBcCE5sRHV/AsjuCmxWrte2TNGSYuCeCq+0Q==",
			"license": "MIT"
		},
		"node_modules/minimist": {
			"version": "1.2.8",
			"resolved": "https://registry.npmjs.org/minimist/-/minimist-1.2.8.tgz",
			"integrity": "sha512-2yyAR8qBkN3YuheJanUpWC5U3bb5osDywNB8RzDVlDwDHbocAJveqqj1u8+SVD7jkWT4yvsHCpWqqWqAxb0zCA==",
			"funding": {
				"url": "https://github.com/sponsors/ljharb"
			}
		},
		"node_modules/mkdirp": {
			"version": "0.5.6",
			"resolved": "https://registry.npmjs.org/mkdirp/-/mkdirp-0.5.6.tgz",
			"integrity": "sha512-FP+p8RB8OWpF3YZBCrP5gtADmtXApB5AMLn+vdyA+PyxCjrCs00mjyUozssO33cwDeT3wNGdLxJ5M//YqtHAJw==",
			"dependencies": {
				"minimist": "^1.2.6"
			},
			"bin": {
				"mkdirp": "bin/cmd.js"
			}
		},
		"node_modules/ms": {
			"version": "2.1.3",
			"resolved": "https://registry.npmjs.org/ms/-/ms-2.1.3.tgz",
			"integrity": "sha512-6FlzubTLZG3J2a/NVCAleEhjzq5oxgHyaCU9yYXvcLsvoVaHJq/s5xXI6/XXP6tz7R9xAOtHnSO/tXtF3WRTlA=="
		},
		"node_modules/node-fetch": {
			"version": "2.6.13",
			"resolved": "https://registry.npmjs.org/node-fetch/-/node-fetch-2.6.13.tgz",
			"integrity": "sha512-StxNAxh15zr77QvvkmveSQ8uCQ4+v5FkvNTj0OESmiHu+VRi/gXArXtkWMElOsOUNLtUEvI4yS+rdtOHZTwlQA==",
			"dependencies": {
				"whatwg-url": "^5.0.0"
			},
			"engines": {
				"node": "4.x || >=6.0.0"
			},
			"peerDependencies": {
				"encoding": "^0.1.0"
			},
			"peerDependenciesMeta": {
				"encoding": {
					"optional": true
				}
			}
		},
		"node_modules/portfinder": {
			"version": "1.0.32",
			"resolved": "https://registry.npmjs.org/portfinder/-/portfinder-1.0.32.tgz",
			"integrity": "sha512-on2ZJVVDXRADWE6jnQaX0ioEylzgBpQk8r55NE4wjXW1ZxO+BgDlY6DXwj20i0V8eB4SenDQ00WEaxfiIQPcxg==",
			"dependencies": {
				"async": "^2.6.4",
				"debug": "^3.2.7",
				"mkdirp": "^0.5.6"
			},
			"engines": {
				"node": ">= 0.12.0"
			}
		},
		"node_modules/psl": {
			"version": "1.9.0",
			"resolved": "https://registry.npmjs.org/psl/-/psl-1.9.0.tgz",
			"integrity": "sha512-E/ZsdU4HLs/68gYzgGTkMicWTLPdAftJLfJFlLUAAKZGkStNU72sZjT66SnMDVOfOWY/YAoiD7Jxa9iHvngcag=="
		},
		"node_modules/punycode": {
			"version": "2.3.0",
			"resolved": "https://registry.npmjs.org/punycode/-/punycode-2.3.0.tgz",
			"integrity": "sha512-rRV+zQD8tVFys26lAGR9WUuS4iUAngJScM+ZRSKtvl5tKeZ2t5bvdNFdNHBW9FWR4guGHlgmsZ1G7BSm2wTbuA==",
			"engines": {
				"node": ">=6"
			}
		},
		"node_modules/querystringify": {
			"version": "2.2.0",
			"resolved": "https://registry.npmjs.org/querystringify/-/querystringify-2.2.0.tgz",
			"integrity": "sha512-FIqgj2EUvTa7R50u0rGsyTftzjYmv/a3hO345bZNrqabNqjtgiDMgmo4mkUjd+nzU5oF3dClKqFIPUKybUyqoQ=="
		},
		"node_modules/requires-port": {
			"version": "1.0.0",
			"resolved": "https://registry.npmjs.org/requires-port/-/requires-port-1.0.0.tgz",
			"integrity": "sha512-KigOCHcocU3XODJxsu8i/j8T9tzT4adHiecwORRQ0ZZFcp7ahwXuRU1m+yuO90C5ZUyGeGfocHDI14M3L3yDAQ=="
		},
		"node_modules/set-cookie-parser": {
			"version": "2.6.0",
			"resolved": "https://registry.npmjs.org/set-cookie-parser/-/set-cookie-parser-2.6.0.tgz",
			"integrity": "sha512-RVnVQxTXuerk653XfuliOxBP81Sf0+qfQE73LIYKcyMYHG94AuH0kgrQpRDuTZnSmjpysHmzxJXKNfa6PjFhyQ=="
		},
		"node_modules/tough-cookie": {
			"version": "4.1.3",
			"resolved": "https://registry.npmjs.org/tough-cookie/-/tough-cookie-4.1.3.tgz",
			"integrity": "sha512-aX/y5pVRkfRnfmuX+OdbSdXvPe6ieKX/G2s7e98f4poJHnqH3281gDPm/metm6E/WRamfx7WC4HUqkWHfQHprw==",
			"dependencies": {
				"psl": "^1.1.33",
				"punycode": "^2.1.1",
				"universalify": "^0.2.0",
				"url-parse": "^1.5.3"
			},
			"engines": {
				"node": ">=6"
			}
		},
		"node_modules/tr46": {
			"version": "0.0.3",
			"resolved": "https://registry.npmjs.org/tr46/-/tr46-0.0.3.tgz",
			"integrity": "sha512-N3WMsuqV66lT30CrXNbEjx4GEwlow3v6rr4mCcv6prnfwhS01rkgyFdjPNBYd9br7LpXV1+Emh01fHnq2Gdgrw=="
		},
		"node_modules/typescript": {
			"version": "5.4.2",
			"resolved": "https://registry.npmjs.org/typescript/-/typescript-5.4.2.tgz",
			"integrity": "sha512-+2/g0Fds1ERlP6JsakQQDXjZdZMM+rqpamFZJEKh4kwTIn3iDkgKtby0CeNd5ATNZ4Ry1ax15TMx0W2V+miizQ==",
			"dev": true,
			"bin": {
				"tsc": "bin/tsc",
				"tsserver": "bin/tsserver"
			},
			"engines": {
				"node": ">=14.17"
			}
		},
		"node_modules/universalify": {
			"version": "0.2.0",
			"resolved": "https://registry.npmjs.org/universalify/-/universalify-0.2.0.tgz",
			"integrity": "sha512-CJ1QgKmNg3CwvAv/kOFmtnEN05f0D/cn9QntgNOQlQF9dgvVTHj3t+8JPdjqawCHk7V/KA+fbUqzZ9XWhcqPUg==",
			"engines": {
				"node": ">= 4.0.0"
			}
		},
		"node_modules/url-parse": {
			"version": "1.5.10",
			"resolved": "https://registry.npmjs.org/url-parse/-/url-parse-1.5.10.tgz",
			"integrity": "sha512-WypcfiRhfeUP9vvF0j6rw0J3hrWrw6iZv3+22h6iRMJ/8z1Tj6XfLP4DsUix5MhMPnXpiHDoKyoZ/bdCkwBCiQ==",
			"dependencies": {
				"querystringify": "^2.1.1",
				"requires-port": "^1.0.0"
			}
		},
		"node_modules/webidl-conversions": {
			"version": "3.0.1",
			"resolved": "https://registry.npmjs.org/webidl-conversions/-/webidl-conversions-3.0.1.tgz",
			"integrity": "sha512-2JAn3z8AR6rjK8Sm8orRC0h/bcl/DqL7tRPdGZ4I1CjdF+EaMLmYxBHyXuKL849eucPFhvBoxMsflfOb8kxaeQ=="
		},
		"node_modules/whatwg-url": {
			"version": "5.0.0",
			"resolved": "https://registry.npmjs.org/whatwg-url/-/whatwg-url-5.0.0.tgz",
			"integrity": "sha512-saE57nupxk6v3HY35+jzBwYa0rKSy0XR8JSxZPwgLr7ys0IBzhGviA1/TUGJLmSVqs8pb9AnvICXEuOHLprYTw==",
			"dependencies": {
				"tr46": "~0.0.3",
				"webidl-conversions": "^3.0.0"
			}
		},
		"node_modules/ws": {
			"version": "7.5.11",
			"resolved": "https://registry.npmjs.org/ws/-/ws-7.5.11.tgz",
			"integrity": "sha512-zS54Oen9bITtp7kp2XM3AydrCIq1D+HwJOuH+c+e4LfpL/lotP5osijd+UoMnxwAam1GN8R4KtLAyIrIcBNpiA==",
			"license": "MIT",
			"engines": {
				"node": ">=8.3.0"
			},
			"peerDependencies": {
				"bufferutil": "^4.0.1",
				"utf-8-validate": "^5.0.2"
			},
			"peerDependenciesMeta": {
				"bufferutil": {
					"optional": true
				},
				"utf-8-validate": {
					"optional": true
				}
			}
		}
	}
}
